dependencies:
- name: postgresql
  repository: https://kubernetes-charts.storage.googleapis.com
  version: 7.7.2
- name: nginx-ingress
  repository: https://kubernetes-charts.storage.googleapis.com
  version: 1.27.0
- name: keycloak
  repository: https://codecentric.github.io/helm-charts
  version: 7.4.0
- name: kafka
  repository: https://charts.bitnami.com/bitnami
  version: 7.2.9
digest: sha256:54657fcc0a0b4f9d76f67ac24a3e9794832f6fe1c3e979a860b0fa1e199f7ba4
generated: "2020-03-23T21:47:46.5734079+01:00"
