dependencies:
- name: postgresql
  repository: https://charts.helm.sh/stable
  version: 7.7.2
- name: postgresql
  repository: https://charts.helm.sh/stable
  version: 7.7.2
- name: ingress-nginx
  repository: https://kubernetes.github.io/ingress-nginx
  version: 3.30.0
- name: kafka
  repository: https://charts.bitnami.com/bitnami
  version: 7.2.9
digest: sha256:b0c5a197d5e2ccb880b77a647089e20553c8ae58fde5ccdf2cebe8955fd1e750
generated: "2021-05-17T13:38:34.121064+02:00"
